
Microsoft Visual Studio Solution File, Format Version 12.00
# Visual Studio Version 16
VisualStudioVersion = 16.0.31729.503
MinimumVisualStudioVersion = 10.0.40219.1
Project("{FAE04EC0-301F-11D3-BF4B-00C04F79EFBC}") = "WebApiSeguimientoCovid", "WebApiSeguimientoCovid\WebApiSeguimientoCovid.csproj", "{66BEA4E3-FBFB-4CAF-90FC-0C0873360952}"
EndProject
Global
	GlobalSection(SolutionConfigurationPlatforms) = preSolution
		Debug|Any CPU = Debug|Any CPU
		Release|Any CPU = Release|Any CPU
	EndGlobalSection
	GlobalSection(ProjectConfigurationPlatforms) = postSolution
		{66BEA4E3-FBFB-4CAF-90FC-0C0873360952}.Debug|Any CPU.ActiveCfg = Debug|Any CPU
		{66BEA4E3-FBFB-4CAF-90FC-0C0873360952}.Debug|Any CPU.Build.0 = Debug|Any CPU
		{66BEA4E3-FBFB-4CAF-90FC-0C0873360952}.Release|Any CPU.ActiveCfg = Release|Any CPU
		{66BEA4E3-FBFB-4CAF-90FC-0C0873360952}.Release|Any CPU.Build.0 = Release|Any CPU
	EndGlobalSection
	GlobalSection(SolutionProperties) = preSolution
		HideSolutionNode = FALSE
	EndGlobalSection
	GlobalSection(ExtensibilityGlobals) = postSolution
		SolutionGuid = {414C1C2C-077A-4771-876C-1B54DCBB50D0}
	EndGlobalSection
EndGlobal
